// !$*UTF8*$!
{
	archiveVersion = 1;
	classes = {
	};
	objectVersion = 50;
	objects = {

/* Begin PBXBuildFile section */
		61DCE7DE2247D7F400011CB6 /* AppDelegate.swift in Sources */ = {isa = PBXBuildFile; fileRef = 61DCE7DD2247D7F400011CB6 /* AppDelegate.swift */; };
		61DCE7E02247D7F400011CB6 /* ViewController.swift in Sources */ = {isa = PBXBuildFile; fileRef = 61DCE7DF2247D7F400011CB6 /* ViewController.swift */; };
		61DCE7E32247D7F400011CB6 /* Main.storyboard in Resources */ = {isa = PBXBuildFile; fileRef = 61DCE7E12247D7F400011CB6 /* Main.storyboard */; };
		61DCE7E52247D7F500011CB6 /* Assets.xcassets in Resources */ = {isa = PBXBuildFile; fileRef = 61DCE7E42247D7F500011CB6 /* Assets.xcassets */; };
		61DCE7E82247D7F500011CB6 /* LaunchScreen.storyboard in Resources */ = {isa = PBXBuildFile; fileRef = 61DCE7E62247D7F500011CB6 /* LaunchScreen.storyboard */; };
		61E6FB3D2254D186005A6C81 /* CustomAnnotation.swift in Sources */ = {isa = PBXBuildFile; fileRef = 61E6FB3C2254D186005A6C81 /* CustomAnnotation.swift */; };
		61E6FB3F2254D22F005A6C81 /* CustomAnnotationView.swift in Sources */ = {isa = PBXBuildFile; fileRef = 61E6FB3E2254D22F005A6C81 /* CustomAnnotationView.swift */; };
		7CF017951CC5BF22C2253005 /* Pods_eaterEggHunt.framework in Frameworks */ = {isa = PBXBuildFile; fileRef = 5C97726105DA32AB4FBDEE6E /* Pods_eaterEggHunt.framework */; };
		9E8B822D2279A750001E5BE6 /* Camera.swift in Sources */ = {isa = PBXBuildFile; fileRef = 9E8B822C2279A750001E5BE6 /* Camera.swift */; };
/* End PBXBuildFile section */

/* Begin PBXFileReference section */
		0EF17E91BFB20634BB9DD56A /* Pods-eaterEggHunt.release.xcconfig */ = {isa = PBXFileReference; includeInIndex = 1; lastKnownFileType = text.xcconfig; name = "Pods-eaterEggHunt.release.xcconfig"; path = "Pods/Target Support Files/Pods-eaterEggHunt/Pods-eaterEggHunt.release.xcconfig"; sourceTree = "<group>"; };
		5C97726105DA32AB4FBDEE6E /* Pods_eaterEggHunt.framework */ = {isa = PBXFileReference; explicitFileType = wrapper.framework; includeInIndex = 0; path = Pods_eaterEggHunt.framework; sourceTree = BUILT_PRODUCTS_DIR; };
		61DCE7DA2247D7F400011CB6 /* eaterEggHunt.app */ = {isa = PBXFileReference; explicitFileType = wrapper.application; includeInIndex = 0; path = eaterEggHunt.app; sourceTree = BUILT_PRODUCTS_DIR; };
		61DCE7DD2247D7F400011CB6 /* AppDelegate.swift */ = {isa = PBXFileReference; lastKnownFileType = sourcecode.swift; path = AppDelegate.swift; sourceTree = "<group>"; };
		61DCE7DF2247D7F400011CB6 /* ViewController.swift */ = {isa = PBXFileReference; lastKnownFileType = sourcecode.swift; path = ViewController.swift; sourceTree = "<group>"; };
		61DCE7E22247D7F400011CB6 /* Base */ = {isa = PBXFileReference; lastKnownFileType = file.storyboard; name = Base; path = Base.lproj/Main.storyboard; sourceTree = "<group>"; };
		61DCE7E42247D7F500011CB6 /* Assets.xcassets */ = {isa = PBXFileReference; lastKnownFileType = folder.assetcatalog; path = Assets.xcassets; sourceTree = "<group>"; };
		61DCE7E72247D7F500011CB6 /* Base */ = {isa = PBXFileReference; lastKnownFileType = file.storyboard; name = Base; path = Base.lproj/LaunchScreen.storyboard; sourceTree = "<group>"; };
		61DCE7E92247D7F500011CB6 /* Info.plist */ = {isa = PBXFileReference; lastKnownFileType = text.plist.xml; path = Info.plist; sourceTree = "<group>"; };
		61E6FB3C2254D186005A6C81 /* CustomAnnotation.swift */ = {isa = PBXFileReference; fileEncoding = 4; lastKnownFileType = sourcecode.swift; path = CustomAnnotation.swift; sourceTree = "<group>"; };
		61E6FB3E2254D22F005A6C81 /* CustomAnnotationView.swift */ = {isa = PBXFileReference; lastKnownFileType = sourcecode.swift; path = CustomAnnotationView.swift; sourceTree = "<group>"; };
		6D0E057592B8185BB60E6874 /* Pods-eaterEggHunt.debug.xcconfig */ = {isa = PBXFileReference; includeInIndex = 1; lastKnownFileType = text.xcconfig; name = "Pods-eaterEggHunt.debug.xcconfig"; path = "Pods/Target Support Files/Pods-eaterEggHunt/Pods-eaterEggHunt.debug.xcconfig"; sourceTree = "<group>"; };
		9E8B822C2279A750001E5BE6 /* Camera.swift */ = {isa = PBXFileReference; lastKnownFileType = sourcecode.swift; path = Camera.swift; sourceTree = "<group>"; };
/* End PBXFileReference section */

/* Begin PBXFrameworksBuildPhase section */
		61DCE7D72247D7F400011CB6 /* Frameworks */ = {
			isa = PBXFrameworksBuildPhase;
			buildActionMask = 2147483647;
			files = (
				7CF017951CC5BF22C2253005 /* Pods_eaterEggHunt.framework in Frameworks */,
			);
			runOnlyForDeploymentPostprocessing = 0;
		};
/* End PBXFrameworksBuildPhase section */

/* Begin PBXGroup section */
		337206CB665080E5F6EA53FB /* Frameworks */ = {
			isa = PBXGroup;
			children = (
				5C97726105DA32AB4FBDEE6E /* Pods_eaterEggHunt.framework */,
			);
			name = Frameworks;
			sourceTree = "<group>";
		};
		61DCE7D12247D7F400011CB6 = {
			isa = PBXGroup;
			children = (
				61DCE7DC2247D7F400011CB6 /* eaterEggHunt */,
				61DCE7DB2247D7F400011CB6 /* Products */,
				874D69848C85150D31A34071 /* Pods */,
				337206CB665080E5F6EA53FB /* Frameworks */,
			);
			sourceTree = "<group>";
		};
		61DCE7DB2247D7F400011CB6 /* Products */ = {
			isa = PBXGroup;
			children = (
				61DCE7DA2247D7F400011CB6 /* eaterEggHunt.app */,
			);
			name = Products;
			sourceTree = "<group>";
		};
		61DCE7DC2247D7F400011CB6 /* eaterEggHunt */ = {
			isa = PBXGroup;
			children = (
				61DCE7DD2247D7F400011CB6 /* AppDelegate.swift */,
				61DCE7DF2247D7F400011CB6 /* ViewController.swift */,
				61E6FB3E2254D22F005A6C81 /* CustomAnnotationView.swift */,
				61E6FB3C2254D186005A6C81 /* CustomAnnotation.swift */,
				61DCE7E12247D7F400011CB6 /* Main.storyboard */,
				61DCE7E42247D7F500011CB6 /* Assets.xcassets */,
				61DCE7E62247D7F500011CB6 /* LaunchScreen.storyboard */,
				9E8B822C2279A750001E5BE6 /* Camera.swift */,
				61DCE7E92247D7F500011CB6 /* Info.plist */,
			);
			path = eaterEggHunt;
			sourceTree = "<group>";
		};
		874D69848C85150D31A34071 /* Pods */ = {
			isa = PBXGroup;
			children = (
				6D0E057592B8185BB60E6874 /* Pods-eaterEggHunt.debug.xcconfig */,
				0EF17E91BFB20634BB9DD56A /* Pods-eaterEggHunt.release.xcconfig */,
			);
			name = Pods;
			sourceTree = "<group>";
		};
/* End PBXGroup section */

/* Begin PBXNativeTarget section */
		61DCE7D92247D7F400011CB6 /* eaterEggHunt */ = {
			isa = PBXNativeTarget;
			buildConfigurationList = 61DCE7EC2247D7F500011CB6 /* Build configuration list for PBXNativeTarget "eaterEggHunt" */;
			buildPhases = (
				E05B0D99A46A6F6CFBA178D2 /* [CP] Check Pods Manifest.lock */,
				61DCE7D62247D7F400011CB6 /* Sources */,
				61DCE7D72247D7F400011CB6 /* Frameworks */,
				61DCE7D82247D7F400011CB6 /* Resources */,
				7001AD39D02AD5F81B1F211F /* [CP] Embed Pods Frameworks */,
			);
			buildRules = (
			);
			dependencies = (
			);
			name = eaterEggHunt;
			productName = eaterEggHunt;
			productReference = 61DCE7DA2247D7F400011CB6 /* eaterEggHunt.app */;
			productType = "com.apple.product-type.application";
		};
/* End PBXNativeTarget section */

/* Begin PBXProject section */
		61DCE7D22247D7F400011CB6 /* Project object */ = {
			isa = PBXProject;
			attributes = {
				LastSwiftUpdateCheck = 1010;
				LastUpgradeCheck = 1010;
				ORGANIZATIONNAME = "Ben Brammer";
				TargetAttributes = {
					61DCE7D92247D7F400011CB6 = {
						CreatedOnToolsVersion = 10.1;
					};
				};
			};
			buildConfigurationList = 61DCE7D52247D7F400011CB6 /* Build configuration list for PBXProject "eaterEggHunt" */;
			compatibilityVersion = "Xcode 9.3";
			developmentRegion = en;
			hasScannedForEncodings = 0;
			knownRegions = (
				en,
				Base,
			);
			mainGroup = 61DCE7D12247D7F400011CB6;
			productRefGroup = 61DCE7DB2247D7F400011CB6 /* Products */;
			projectDirPath = "";
			projectRoot = "";
			targets = (
				61DCE7D92247D7F400011CB6 /* eaterEggHunt */,
			);
		};
/* End PBXProject section */

/* Begin PBXResourcesBuildPhase section */
		61DCE7D82247D7F400011CB6 /* Resources */ = {
			isa = PBXResourcesBuildPhase;
			buildActionMask = 2147483647;
			files = (
				61DCE7E82247D7F500011CB6 /* LaunchScreen.storyboard in Resources */,
				61DCE7E52247D7F500011CB6 /* Assets.xcassets in Resources */,
				61DCE7E32247D7F400011CB6 /* Main.storyboard in Resources */,
			);
			runOnlyForDeploymentPostprocessing = 0;
		};
/* End PBXResourcesBuildPhase section */

/* Begin PBXShellScriptBuildPhase section */
		7001AD39D02AD5F81B1F211F /* [CP] Embed Pods Frameworks */ = {
			isa = PBXShellScriptBuildPhase;
			buildActionMask = 2147483647;
			files = (
			);
			inputFileListPaths = (
			);
			inputPaths = (
				"${SRCROOT}/Pods/Target Support Files/Pods-eaterEggHunt/Pods-eaterEggHunt-frameworks.sh",
				"${BUILT_PRODUCTS_DIR}/BoringSSL-GRPC/openssl_grpc.framework",
				"${BUILT_PRODUCTS_DIR}/GoogleUtilities/GoogleUtilities.framework",
				"${BUILT_PRODUCTS_DIR}/Protobuf/Protobuf.framework",
				"${BUILT_PRODUCTS_DIR}/gRPC-C++/grpcpp.framework",
				"${BUILT_PRODUCTS_DIR}/gRPC-Core/grpc.framework",
				"${BUILT_PRODUCTS_DIR}/leveldb-library/leveldb.framework",
				"${BUILT_PRODUCTS_DIR}/nanopb/nanopb.framework",
			);
			name = "[CP] Embed Pods Frameworks";
			outputFileListPaths = (
			);
			outputPaths = (
				"${TARGET_BUILD_DIR}/${FRAMEWORKS_FOLDER_PATH}/openssl_grpc.framework",
				"${TARGET_BUILD_DIR}/${FRAMEWORKS_FOLDER_PATH}/GoogleUtilities.framework",
				"${TARGET_BUILD_DIR}/${FRAMEWORKS_FOLDER_PATH}/Protobuf.framework",
				"${TARGET_BUILD_DIR}/${FRAMEWORKS_FOLDER_PATH}/grpcpp.framework",
				"${TARGET_BUILD_DIR}/${FRAMEWORKS_FOLDER_PATH}/grpc.framework",
				"${TARGET_BUILD_DIR}/${FRAMEWORKS_FOLDER_PATH}/leveldb.framework",
				"${TARGET_BUILD_DIR}/${FRAMEWORKS_FOLDER_PATH}/nanopb.framework",
			);
			runOnlyForDeploymentPostprocessing = 0;
			shellPath = /bin/sh;
			shellScript = "\"${SRCROOT}/Pods/Target Support Files/Pods-eaterEggHunt/Pods-eaterEggHunt-frameworks.sh\"\n";
			showEnvVarsInLog = 0;
		};
		E05B0D99A46A6F6CFBA178D2 /* [CP] Check Pods Manifest.lock */ = {
			isa = PBXShellScriptBuildPhase;
			buildActionMask = 2147483647;
			files = (
			);
			inputFileListPaths = (
			);
			inputPaths = (
				"${PODS_PODFILE_DIR_PATH}/Podfile.lock",
				"${PODS_ROOT}/Manifest.lock",
			);
			name = "[CP] Check Pods Manifest.lock";
			outputFileListPaths = (
			);
			outputPaths = (
				"$(DERIVED_FILE_DIR)/Pods-eaterEggHunt-checkManifestLockResult.txt",
			);
			runOnlyForDeploymentPostprocessing = 0;
			shellPath = /bin/sh;
			shellScript = "diff \"${PODS_PODFILE_DIR_PATH}/Podfile.lock\" \"${PODS_ROOT}/Manifest.lock\" > /dev/null\nif [ $? != 0 ] ; then\n    # print error to STDERR\n    echo \"error: The sandbox is not in sync with the Podfile.lock. Run 'pod install' or update your CocoaPods installation.\" >&2\n    exit 1\nfi\n# This output is used by Xcode 'outputs' to avoid re-running this script phase.\necho \"SUCCESS\" > \"${SCRIPT_OUTPUT_FILE_0}\"\n";
			showEnvVarsInLog = 0;
		};
/* End PBXShellScriptBuildPhase section */

/* Begin PBXSourcesBuildPhase section */
		61DCE7D62247D7F400011CB6 /* Sources */ = {
			isa = PBXSourcesBuildPhase;
			buildActionMask = 2147483647;
			files = (
				61DCE7E02247D7F400011CB6 /* ViewController.swift in Sources */,
				9E8B822D2279A750001E5BE6 /* Camera.swift in Sources */,
				61DCE7DE2247D7F400011CB6 /* AppDelegate.swift in Sources */,
				61E6FB3F2254D22F005A6C81 /* CustomAnnotationView.swift in Sources */,
				61E6FB3D2254D186005A6C81 /* CustomAnnotation.swift in Sources */,
			);
			runOnlyForDeploymentPostprocessing = 0;
		};
/* End PBXSourcesBuildPhase section */

/* Begin PBXVariantGroup section */
		61DCE7E12247D7F400011CB6 /* Main.storyboard */ = {
			isa = PBXVariantGroup;
			children = (
				61DCE7E22247D7F400011CB6 /* Base */,
			);
			name = Main.storyboard;
			sourceTree = "<group>";
		};
		61DCE7E62247D7F500011CB6 /* LaunchScreen.storyboard */ = {
			isa = PBXVariantGroup;
			children = (
				61DCE7E72247D7F500011CB6 /* Base */,
			);
			name = LaunchScreen.storyboard;
			sourceTree = "<group>";
		};
/* End PBXVariantGroup section */

/* Begin XCBuildConfiguration section */
		61DCE7EA2247D7F500011CB6 /* Debug */ = {
			isa = XCBuildConfiguration;
			buildSettings = {
				ALWAYS_SEARCH_USER_PATHS = NO;
				CLANG_ANALYZER_NONNULL = YES;
				CLANG_ANALYZER_NUMBER_OBJECT_CONVERSION = YES_AGGRESSIVE;
				CLANG_CXX_LANGUAGE_STANDARD = "gnu++14";
				CLANG_CXX_LIBRARY = "libc++";
				CLANG_ENABLE_MODULES = YES;
				CLANG_ENABLE_OBJC_ARC = YES;
				CLANG_ENABLE_OBJC_WEAK = YES;
				CLANG_WARN_BLOCK_CAPTURE_AUTORELEASING = YES;
				CLANG_WARN_BOOL_CONVERSION = YES;
				CLANG_WARN_COMMA = YES;
				CLANG_WARN_CONSTANT_CONVERSION = YES;
				CLANG_WARN_DEPRECATED_OBJC_IMPLEMENTATIONS = YES;
				CLANG_WARN_DIRECT_OBJC_ISA_USAGE = YES_ERROR;
				CLANG_WARN_DOCUMENTATION_COMMENTS = YES;
				CLANG_WARN_EMPTY_BODY = YES;
				CLANG_WARN_ENUM_CONVERSION = YES;
				CLANG_WARN_INFINITE_RECURSION = YES;
				CLANG_WARN_INT_CONVERSION = YES;
				CLANG_WARN_NON_LITERAL_NULL_CONVERSION = YES;
				CLANG_WARN_OBJC_IMPLICIT_RETAIN_SELF = YES;
				CLANG_WARN_OBJC_LITERAL_CONVERSION = YES;
				CLANG_WARN_OBJC_ROOT_CLASS = YES_ERROR;
				CLANG_WARN_RANGE_LOOP_ANALYSIS = YES;
				CLANG_WARN_STRICT_PROTOTYPES = YES;
				CLANG_WARN_SUSPICIOUS_MOVE = YES;
				CLANG_WARN_UNGUARDED_AVAILABILITY = YES_AGGRESSIVE;
				CLANG_WARN_UNREACHABLE_CODE = YES;
				CLANG_WARN__DUPLICATE_METHOD_MATCH = YES;
				CODE_SIGN_IDENTITY = "iPhone Developer";
				COPY_PHASE_STRIP = NO;
				DEBUG_INFORMATION_FORMAT = dwarf;
				ENABLE_STRICT_OBJC_MSGSEND = YES;
				ENABLE_TESTABILITY = YES;
				GCC_C_LANGUAGE_STANDARD = gnu11;
				GCC_DYNAMIC_NO_PIC = NO;
				GCC_NO_COMMON_BLOCKS = YES;
				GCC_OPTIMIZATION_LEVEL = 0;
				GCC_PREPROCESSOR_DEFINITIONS = (
					"DEBUG=1",
					"$(inherited)",
				);
				GCC_WARN_64_TO_32_BIT_CONVERSION = YES;
				GCC_WARN_ABOUT_RETURN_TYPE = YES_ERROR;
				GCC_WARN_UNDECLARED_SELECTOR = YES;
				GCC_WARN_UNINITIALIZED_AUTOS = YES_AGGRESSIVE;
				GCC_WARN_UNUSED_FUNCTION = YES;
				GCC_WARN_UNUSED_VARIABLE = YES;
				IPHONEOS_DEPLOYMENT_TARGET = 12.1;
				MTL_ENABLE_DEBUG_INFO = INCLUDE_SOURCE;
				MTL_FAST_MATH = YES;
				ONLY_ACTIVE_ARCH = YES;
				SDKROOT = iphoneos;
				SWIFT_ACTIVE_COMPILATION_CONDITIONS = DEBUG;
				SWIFT_OPTIMIZATION_LEVEL = "-Onone";
			};
			name = Debug;
		};
		61DCE7EB2247D7F500011CB6 /* Release */ = {
			isa = XCBuildConfiguration;
			buildSettings = {
				ALWAYS_SEARCH_USER_PATHS = NO;
				CLANG_ANALYZER_NONNULL = YES;
				CLANG_ANALYZER_NUMBER_OBJECT_CONVERSION = YES_AGGRESSIVE;
				CLANG_CXX_LANGUAGE_STANDARD = "gnu++14";
				CLANG_CXX_LIBRARY = "libc++";
				CLANG_ENABLE_MODULES = YES;
				CLANG_ENABLE_OBJC_ARC = YES;
				CLANG_ENABLE_OBJC_WEAK = YES;
				CLANG_WARN_BLOCK_CAPTURE_AUTORELEASING = YES;
				CLANG_WARN_BOOL_CONVERSION = YES;
				CLANG_WARN_COMMA = YES;
				CLANG_WARN_CONSTANT_CONVERSION = YES;
				CLANG_WARN_DEPRECATED_OBJC_IMPLEMENTATIONS = YES;
				CLANG_WARN_DIRECT_OBJC_ISA_USAGE = YES_ERROR;
				CLANG_WARN_DOCUMENTATION_COMMENTS = YES;
				CLANG_WARN_EMPTY_BODY = YES;
				CLANG_WARN_ENUM_CONVERSION = YES;
				CLANG_WARN_INFINITE_RECURSION = YES;
				CLANG_WARN_INT_CONVERSION = YES;
				CLANG_WARN_NON_LITERAL_NULL_CONVERSION = YES;
				CLANG_WARN_OBJC_IMPLICIT_RETAIN_SELF = YES;
				CLANG_WARN_OBJC_LITERAL_CONVERSION = YES;
				CLANG_WARN_OBJC_ROOT_CLASS = YES_ERROR;
				CLANG_WARN_RANGE_LOOP_ANALYSIS = YES;
				CLANG_WARN_STRICT_PROTOTYPES = YES;
				CLANG_WARN_SUSPICIOUS_MOVE = YES;
				CLANG_WARN_UNGUARDED_AVAILABILITY = YES_AGGRESSIVE;
				CLANG_WARN_UNREACHABLE_CODE = YES;
				CLANG_WARN__DUPLICATE_METHOD_MATCH = YES;
				CODE_SIGN_IDENTITY = "iPhone Developer";
				COPY_PHASE_STRIP = NO;
				DEBUG_INFORMATION_FORMAT = "dwarf-with-dsym";
				ENABLE_NS_ASSERTIONS = NO;
				ENABLE_STRICT_OBJC_MSGSEND = YES;
				GCC_C_LANGUAGE_STANDARD = gnu11;
				GCC_NO_COMMON_BLOCKS = YES;
				GCC_WARN_64_TO_32_BIT_CONVERSION = YES;
				GCC_WARN_ABOUT_RETURN_TYPE = YES_ERROR;
				GCC_WARN_UNDECLARED_SELECTOR = YES;
				GCC_WARN_UNINITIALIZED_AUTOS = YES_AGGRESSIVE;
				GCC_WARN_UNUSED_FUNCTION = YES;
				GCC_WARN_UNUSED_VARIABLE = YES;
				IPHONEOS_DEPLOYMENT_TARGET = 12.1;
				MTL_ENABLE_DEBUG_INFO = NO;
				MTL_FAST_MATH = YES;
				SDKROOT = iphoneos;
				SWIFT_COMPILATION_MODE = wholemodule;
				SWIFT_OPTIMIZATION_LEVEL = "-O";
				VALIDATE_PRODUCT = YES;
			};
			name = Release;
		};
		61DCE7ED2247D7F500011CB6 /* Debug */ = {
			isa = XCBuildConfiguration;
			baseConfigurationReference = 6D0E057592B8185BB60E6874 /* Pods-eaterEggHunt.debug.xcconfig */;
			buildSettings = {
				ASSETCATALOG_COMPILER_APPICON_NAME = AppIcon;
				CODE_SIGN_STYLE = Automatic;
				INFOPLIST_FILE = eaterEggHunt/Info.plist;
				LD_RUNPATH_SEARCH_PATHS = (
					"$(inherited)",
					"@executable_path/Frameworks",
				);
				PRODUCT_BUNDLE_IDENTIFIER = s5101936.eaterEggHunt;
				PRODUCT_NAME = "$(TARGET_NAME)";
				SWIFT_VERSION = 4.2;
				TARGETED_DEVICE_FAMILY = "1,2";
			};
			name = Debug;
		};
		61DCE7EE2247D7F500011CB6 /* Release */ = {
			isa = XCBuildConfiguration;
			baseConfigurationReference = 0EF17E91BFB20634BB9DD56A /* Pods-eaterEggHunt.release.xcconfig */;
			buildSettings = {
				ASSETCATALOG_COMPILER_APPICON_NAME = AppIcon;
				CODE_SIGN_STYLE = Automatic;
				INFOPLIST_FILE = eaterEggHunt/Info.plist;
				LD_RUNPATH_SEARCH_PATHS = (
					"$(inherited)",
					"@executable_path/Frameworks",
				);
				PRODUCT_BUNDLE_IDENTIFIER = s5101936.eaterEggHunt;
				PRODUCT_NAME = "$(TARGET_NAME)";
				SWIFT_VERSION = 4.2;
				TARGETED_DEVICE_FAMILY = "1,2";
			};
			name = Release;
		};
/* End XCBuildConfiguration section */

/* Begin XCConfigurationList section */
		61DCE7D52247D7F400011CB6 /* Build configuration list for PBXProject "eaterEggHunt" */ = {
			isa = XCConfigurationList;
			buildConfigurations = (
				61DCE7EA2247D7F500011CB6 /* Debug */,
				61DCE7EB2247D7F500011CB6 /* Release */,
			);
			defaultConfigurationIsVisible = 0;
			defaultConfigurationName = Release;
		};
		61DCE7EC2247D7F500011CB6 /* Build configuration list for PBXNativeTarget "eaterEggHunt" */ = {
			isa = XCConfigurationList;
			buildConfigurations = (
				61DCE7ED2247D7F500011CB6 /* Debug */,
				61DCE7EE2247D7F500011CB6 /* Release */,
			);
			defaultConfigurationIsVisible = 0;
			defaultConfigurationName = Release;
		};
/* End XCConfigurationList section */
	};
	rootObject = 61DCE7D22247D7F400011CB6 /* Project object */;
}
